PODS:
  - EasyTipView (1.0.2)
  - SwiftLint (0.20.0)

DEPENDENCIES:
  - EasyTipView (~> 1.0.2)
  - SwiftLint

SPEC CHECKSUMS:
  EasyTipView: b93a19be981cc2221d6d7191d49872f547e0bebf
  SwiftLint: 3f7543509c931d1291395335f34e245d3919b7f2

PODFILE CHECKSUM: 67c389d90652382ce7553eecf99d9a84cc65043b

COCOAPODS: 1.2.1
