// !$*UTF8*$!
{
	archiveVersion = 1;
	classes = {
	};
	objectVersion = 48;
	objects = {

/* Begin PBXBuildFile section */
		43C4AB153199ADDE36030799 /* Pods_StickerIt_.framework in Frameworks */ = {isa = PBXBuildFile; fileRef = 6C359CB77C6373FE4DE0B33D /* Pods_StickerIt_.framework */; };
		643526EA1F3DF2D5006830E9 /* StringExt.swift in Sources */ = {isa = PBXBuildFile; fileRef = 643526E91F3DF2D5006830E9 /* StringExt.swift */; };
		64737D881F371AB700367101 /* Assets.xcassets in Resources */ = {isa = PBXBuildFile; fileRef = 64D0E8D51F3479AD007735A7 /* Assets.xcassets */; };
		647418FE1F34AA94007435CF /* OrderVC.swift in Sources */ = {isa = PBXBuildFile; fileRef = 647418FD1F34AA94007435CF /* OrderVC.swift */; };
		649693B61F6BBE7100374B42 /* GoogleService-Info.plist in Resources */ = {isa = PBXBuildFile; fileRef = 64424B5C1F6AA927007E9788 /* GoogleService-Info.plist */; };
		64D0E8CD1F3479AD007735A7 /* AppDelegate.swift in Sources */ = {isa = PBXBuildFile; fileRef = 64D0E8CC1F3479AD007735A7 /* AppDelegate.swift */; };
		64D0E8D11F3479AD007735A7 /* ViewController.swift in Sources */ = {isa = PBXBuildFile; fileRef = 64D0E8D01F3479AD007735A7 /* ViewController.swift */; };
		64FE22DF1F371C9D0003DB67 /* LaunchScreen.storyboard in Resources */ = {isa = PBXBuildFile; fileRef = 64FE22DD1F371C9D0003DB67 /* LaunchScreen.storyboard */; };
		6A428605CD67F719B6688890 /* Pods_LickAndStick.framework in Frameworks */ = {isa = PBXBuildFile; fileRef = 542604B7F2B3E59D169015F6 /* Pods_LickAndStick.framework */; };
/* End PBXBuildFile section */

/* Begin PBXFileReference section */
		05A4E0A28401AE1AB99F619E /* Pods-StickerIt!.release.xcconfig */ = {isa = PBXFileReference; includeInIndex = 1; lastKnownFileType = text.xcconfig; name = "Pods-StickerIt!.release.xcconfig"; path = "Pods/Target Support Files/Pods-StickerIt!/Pods-StickerIt!.release.xcconfig"; sourceTree = "<group>"; };
		542604B7F2B3E59D169015F6 /* Pods_LickAndStick.framework */ = {isa = PBXFileReference; explicitFileType = wrapper.framework; includeInIndex = 0; path = Pods_LickAndStick.framework; sourceTree = BUILT_PRODUCTS_DIR; };
		643526E91F3DF2D5006830E9 /* StringExt.swift */ = {isa = PBXFileReference; lastKnownFileType = sourcecode.swift; path = StringExt.swift; sourceTree = "<group>"; };
		64424B5C1F6AA927007E9788 /* GoogleService-Info.plist */ = {isa = PBXFileReference; lastKnownFileType = text.plist.xml; path = "GoogleService-Info.plist"; sourceTree = "<group>"; };
		647418FD1F34AA94007435CF /* OrderVC.swift */ = {isa = PBXFileReference; lastKnownFileType = sourcecode.swift; path = OrderVC.swift; sourceTree = "<group>"; };
		64D0E8C91F3479AD007735A7 /* StickerIt!.app */ = {isa = PBXFileReference; explicitFileType = wrapper.application; includeInIndex = 0; path = "StickerIt!.app"; sourceTree = BUILT_PRODUCTS_DIR; };
		64D0E8CC1F3479AD007735A7 /* AppDelegate.swift */ = {isa = PBXFileReference; lastKnownFileType = sourcecode.swift; path = AppDelegate.swift; sourceTree = "<group>"; };
		64D0E8D01F3479AD007735A7 /* ViewController.swift */ = {isa = PBXFileReference; lastKnownFileType = sourcecode.swift; path = ViewController.swift; sourceTree = "<group>"; };
		64D0E8D51F3479AD007735A7 /* Assets.xcassets */ = {isa = PBXFileReference; lastKnownFileType = folder.assetcatalog; path = Assets.xcassets; sourceTree = "<group>"; };
		64D0E8DA1F3479AD007735A7 /* Info.plist */ = {isa = PBXFileReference; lastKnownFileType = text.plist.xml; path = Info.plist; sourceTree = "<group>"; };
		64FE22DE1F371C9D0003DB67 /* Base */ = {isa = PBXFileReference; lastKnownFileType = file.storyboard; name = Base; path = LickAndStick/Base.lproj/LaunchScreen.storyboard; sourceTree = "<group>"; };
		6C359CB77C6373FE4DE0B33D /* Pods_StickerIt_.framework */ = {isa = PBXFileReference; explicitFileType = wrapper.framework; includeInIndex = 0; path = Pods_StickerIt_.framework; sourceTree = BUILT_PRODUCTS_DIR; };
		80DE911EAB1913989D578E4C /* Pods-StickerIt!.debug.xcconfig */ = {isa = PBXFileReference; includeInIndex = 1; lastKnownFileType = text.xcconfig; name = "Pods-StickerIt!.debug.xcconfig"; path = "Pods/Target Support Files/Pods-StickerIt!/Pods-StickerIt!.debug.xcconfig"; sourceTree = "<group>"; };
/* End PBXFileReference section */

/* Begin PBXFrameworksBuildPhase section */
		64D0E8C61F3479AD007735A7 /* Frameworks */ = {
			isa = PBXFrameworksBuildPhase;
			buildActionMask = 2147483647;
			files = (
				6A428605CD67F719B6688890 /* Pods_LickAndStick.framework in Frameworks */,
				43C4AB153199ADDE36030799 /* Pods_StickerIt_.framework in Frameworks */,
			);
			runOnlyForDeploymentPostprocessing = 0;
		};
/* End PBXFrameworksBuildPhase section */

/* Begin PBXGroup section */
		643526EB1F3DF455006830E9 /* Ext */ = {
			isa = PBXGroup;
			children = (
				643526E91F3DF2D5006830E9 /* StringExt.swift */,
			);
			name = Ext;
			path = "New Group";
			sourceTree = "<group>";
		};
		644DA08820A057A90008B25F /* Resources */ = {
			isa = PBXGroup;
			children = (
				64D0E8D51F3479AD007735A7 /* Assets.xcassets */,
				64D0E8DA1F3479AD007735A7 /* Info.plist */,
				64424B5C1F6AA927007E9788 /* GoogleService-Info.plist */,
				64FE22DD1F371C9D0003DB67 /* LaunchScreen.storyboard */,
			);
			path = Resources;
			sourceTree = "<group>";
		};
		647418FF1F34AA9A007435CF /* VC */ = {
			isa = PBXGroup;
			children = (
				647418FD1F34AA94007435CF /* OrderVC.swift */,
				64D0E8D01F3479AD007735A7 /* ViewController.swift */,
			);
			path = VC;
			sourceTree = "<group>";
		};
		64D0E8C01F3479AD007735A7 = {
			isa = PBXGroup;
			children = (
				D06EF27513D07F0B7C4C2A48 /* Frameworks */,
				878D4C6A789439C53CB70184 /* Pods */,
				64D0E8CA1F3479AD007735A7 /* Products */,
				64D0E8CB1F3479AD007735A7 /* StickerIt! */,
			);
			sourceTree = "<group>";
		};
		64D0E8CA1F3479AD007735A7 /* Products */ = {
			isa = PBXGroup;
			children = (
				64D0E8C91F3479AD007735A7 /* StickerIt!.app */,
			);
			name = Products;
			sourceTree = "<group>";
		};
		64D0E8CB1F3479AD007735A7 /* StickerIt! */ = {
			isa = PBXGroup;
			children = (
				64D0E8CC1F3479AD007735A7 /* AppDelegate.swift */,
				643526EB1F3DF455006830E9 /* Ext */,
				644DA08820A057A90008B25F /* Resources */,
				647418FF1F34AA9A007435CF /* VC */,
			);
			path = "StickerIt!";
			sourceTree = "<group>";
		};
		878D4C6A789439C53CB70184 /* Pods */ = {
			isa = PBXGroup;
			children = (
				80DE911EAB1913989D578E4C /* Pods-StickerIt!.debug.xcconfig */,
				05A4E0A28401AE1AB99F619E /* Pods-StickerIt!.release.xcconfig */,
			);
			name = Pods;
			sourceTree = "<group>";
		};
		D06EF27513D07F0B7C4C2A48 /* Frameworks */ = {
			isa = PBXGroup;
			children = (
				542604B7F2B3E59D169015F6 /* Pods_LickAndStick.framework */,
				6C359CB77C6373FE4DE0B33D /* Pods_StickerIt_.framework */,
			);
			name = Frameworks;
			sourceTree = "<group>";
		};
/* End PBXGroup section */

/* Begin PBXNativeTarget section */
		64D0E8C81F3479AD007735A7 /* StickerIt! */ = {
			isa = PBXNativeTarget;
			buildConfigurationList = 64D0E8DD1F3479AD007735A7 /* Build configuration list for PBXNativeTarget "StickerIt!" */;
			buildPhases = (
				B7237C93205FC15B4871E725 /* [CP] Check Pods Manifest.lock */,
				64D0E8C51F3479AD007735A7 /* Sources */,
				64D0E8C61F3479AD007735A7 /* Frameworks */,
				64D0E8C71F3479AD007735A7 /* Resources */,
				55746C5EE6EE70EF8C3AD7AB /* [CP] Embed Pods Frameworks */,
				647419001F34AD66007435CF /* ShellScript */,
			);
			buildRules = (
			);
			dependencies = (
			);
			name = "StickerIt!";
			productName = LickAndStick;
			productReference = 64D0E8C91F3479AD007735A7 /* StickerIt!.app */;
			productType = "com.apple.product-type.application";
		};
/* End PBXNativeTarget section */

/* Begin PBXProject section */
		64D0E8C11F3479AD007735A7 /* Project object */ = {
			isa = PBXProject;
			attributes = {
				LastSwiftUpdateCheck = 0900;
				LastUpgradeCheck = 0930;
				ORGANIZATIONNAME = ifitnine;
				TargetAttributes = {
					64D0E8C81F3479AD007735A7 = {
						CreatedOnToolsVersion = 9.0;
						ProvisioningStyle = Manual;
					};
				};
			};
			buildConfigurationList = 64D0E8C41F3479AD007735A7 /* Build configuration list for PBXProject "StickerIt!" */;
			compatibilityVersion = "Xcode 8.0";
			developmentRegion = en;
			hasScannedForEncodings = 0;
			knownRegions = (
				en,
				Base,
			);
			mainGroup = 64D0E8C01F3479AD007735A7;
			productRefGroup = 64D0E8CA1F3479AD007735A7 /* Products */;
			projectDirPath = "";
			projectRoot = "";
			targets = (
				64D0E8C81F3479AD007735A7 /* StickerIt! */,
			);
		};
/* End PBXProject section */

/* Begin PBXResourcesBuildPhase section */
		64D0E8C71F3479AD007735A7 /* Resources */ = {
			isa = PBXResourcesBuildPhase;
			buildActionMask = 2147483647;
			files = (
				64737D881F371AB700367101 /* Assets.xcassets in Resources */,
				64FE22DF1F371C9D0003DB67 /* LaunchScreen.storyboard in Resources */,
				649693B61F6BBE7100374B42 /* GoogleService-Info.plist in Resources */,
			);
			runOnlyForDeploymentPostprocessing = 0;
		};
/* End PBXResourcesBuildPhase section */

/* Begin PBXShellScriptBuildPhase section */
		55746C5EE6EE70EF8C3AD7AB /* [CP] Embed Pods Frameworks */ = {
			isa = PBXShellScriptBuildPhase;
			buildActionMask = 2147483647;
			files = (
			);
			inputPaths = (
				"${SRCROOT}/Pods/Target Support Files/Pods-StickerIt!/Pods-StickerIt!-frameworks.sh",
				"${BUILT_PRODUCTS_DIR}/EasyTipView/EasyTipView.framework",
				"${BUILT_PRODUCTS_DIR}/GoogleToolboxForMac/GoogleToolboxForMac.framework",
				"${BUILT_PRODUCTS_DIR}/SnapKit/SnapKit.framework",
				"${BUILT_PRODUCTS_DIR}/nanopb/nanopb.framework",
			);
			name = "[CP] Embed Pods Frameworks";
			outputPaths = (
				"${TARGET_BUILD_DIR}/${FRAMEWORKS_FOLDER_PATH}/EasyTipView.framework",
				"${TARGET_BUILD_DIR}/${FRAMEWORKS_FOLDER_PATH}/GoogleToolboxForMac.framework",
				"${TARGET_BUILD_DIR}/${FRAMEWORKS_FOLDER_PATH}/SnapKit.framework",
				"${TARGET_BUILD_DIR}/${FRAMEWORKS_FOLDER_PATH}/nanopb.framework",
			);
			runOnlyForDeploymentPostprocessing = 0;
			shellPath = /bin/sh;
			shellScript = "\"${SRCROOT}/Pods/Target Support Files/Pods-StickerIt!/Pods-StickerIt!-frameworks.sh\"\n";
			showEnvVarsInLog = 0;
		};
		647419001F34AD66007435CF /* ShellScript */ = {
			isa = PBXShellScriptBuildPhase;
			buildActionMask = 2147483647;
			files = (
			);
			inputPaths = (
			);
			outputPaths = (
			);
			runOnlyForDeploymentPostprocessing = 0;
			shellPath = /bin/sh;
			shellScript = "\"${PODS_ROOT}/SwiftLint/swiftlint\"";
		};
		B7237C93205FC15B4871E725 /* [CP] Check Pods Manifest.lock */ = {
			isa = PBXShellScriptBuildPhase;
			buildActionMask = 2147483647;
			files = (
			);
			inputPaths = (
				"${PODS_PODFILE_DIR_PATH}/Podfile.lock",
				"${PODS_ROOT}/Manifest.lock",
			);
			name = "[CP] Check Pods Manifest.lock";
			outputPaths = (
				"$(DERIVED_FILE_DIR)/Pods-StickerIt!-checkManifestLockResult.txt",
			);
			runOnlyForDeploymentPostprocessing = 0;
			shellPath = /bin/sh;
			shellScript = "diff \"${PODS_PODFILE_DIR_PATH}/Podfile.lock\" \"${PODS_ROOT}/Manifest.lock\" > /dev/null\nif [ $? != 0 ] ; then\n    # print error to STDERR\n    echo \"error: The sandbox is not in sync with the Podfile.lock. Run 'pod install' or update your CocoaPods installation.\" >&2\n    exit 1\nfi\n# This output is used by Xcode 'outputs' to avoid re-running this script phase.\necho \"SUCCESS\" > \"${SCRIPT_OUTPUT_FILE_0}\"\n";
			showEnvVarsInLog = 0;
		};
/* End PBXShellScriptBuildPhase section */

/* Begin PBXSourcesBuildPhase section */
		64D0E8C51F3479AD007735A7 /* Sources */ = {
			isa = PBXSourcesBuildPhase;
			buildActionMask = 2147483647;
			files = (
				647418FE1F34AA94007435CF /* OrderVC.swift in Sources */,
				64D0E8D11F3479AD007735A7 /* ViewController.swift in Sources */,
				643526EA1F3DF2D5006830E9 /* StringExt.swift in Sources */,
				64D0E8CD1F3479AD007735A7 /* AppDelegate.swift in Sources */,
			);
			runOnlyForDeploymentPostprocessing = 0;
		};
/* End PBXSourcesBuildPhase section */

/* Begin PBXVariantGroup section */
		64FE22DD1F371C9D0003DB67 /* LaunchScreen.storyboard */ = {
			isa = PBXVariantGroup;
			children = (
				64FE22DE1F371C9D0003DB67 /* Base */,
			);
			name = LaunchScreen.storyboard;
			sourceTree = "<group>";
		};
/* End PBXVariantGroup section */

/* Begin XCBuildConfiguration section */
		64D0E8DB1F3479AD007735A7 /* Debug */ = {
			isa = XCBuildConfiguration;
			buildSettings = {
				ALWAYS_SEARCH_USER_PATHS = NO;
				CLANG_ANALYZER_NONNULL = YES;
				CLANG_ANALYZER_NUMBER_OBJECT_CONVERSION = YES_AGGRESSIVE;
				CLANG_CXX_LANGUAGE_STANDARD = "gnu++14";
				CLANG_CXX_LIBRARY = "libc++";
				CLANG_ENABLE_MODULES = YES;
				CLANG_ENABLE_OBJC_ARC = YES;
				CLANG_WARN_BLOCK_CAPTURE_AUTORELEASING = YES;
				CLANG_WARN_BOOL_CONVERSION = YES;
				CLANG_WARN_COMMA = YES;
				CLANG_WARN_CONSTANT_CONVERSION = YES;
				CLANG_WARN_DEPRECATED_OBJC_IMPLEMENTATIONS = YES;
				CLANG_WARN_DIRECT_OBJC_ISA_USAGE = YES_ERROR;
				CLANG_WARN_DOCUMENTATION_COMMENTS = YES;
				CLANG_WARN_EMPTY_BODY = YES;
				CLANG_WARN_ENUM_CONVERSION = YES;
				CLANG_WARN_INFINITE_RECURSION = YES;
				CLANG_WARN_INT_CONVERSION = YES;
				CLANG_WARN_NON_LITERAL_NULL_CONVERSION = YES;
				CLANG_WARN_OBJC_IMPLICIT_RETAIN_SELF = YES;
				CLANG_WARN_OBJC_LITERAL_CONVERSION = YES;
				CLANG_WARN_OBJC_ROOT_CLASS = YES_ERROR;
				CLANG_WARN_RANGE_LOOP_ANALYSIS = YES;
				CLANG_WARN_STRICT_PROTOTYPES = YES;
				CLANG_WARN_SUSPICIOUS_MOVE = YES;
				CLANG_WARN_UNGUARDED_AVAILABILITY = YES_AGGRESSIVE;
				CLANG_WARN_UNREACHABLE_CODE = YES;
				CLANG_WARN__DUPLICATE_METHOD_MATCH = YES;
				CODE_SIGN_IDENTITY = "iPhone Developer";
				COPY_PHASE_STRIP = NO;
				DEBUG_INFORMATION_FORMAT = dwarf;
				ENABLE_STRICT_OBJC_MSGSEND = YES;
				ENABLE_TESTABILITY = YES;
				GCC_C_LANGUAGE_STANDARD = gnu11;
				GCC_DYNAMIC_NO_PIC = NO;
				GCC_NO_COMMON_BLOCKS = YES;
				GCC_OPTIMIZATION_LEVEL = 0;
				GCC_PREPROCESSOR_DEFINITIONS = (
					"DEBUG=1",
					"$(inherited)",
				);
				GCC_WARN_64_TO_32_BIT_CONVERSION = YES;
				GCC_WARN_ABOUT_RETURN_TYPE = YES_ERROR;
				GCC_WARN_UNDECLARED_SELECTOR = YES;
				GCC_WARN_UNINITIALIZED_AUTOS = YES_AGGRESSIVE;
				GCC_WARN_UNUSED_FUNCTION = YES;
				GCC_WARN_UNUSED_VARIABLE = YES;
				IPHONEOS_DEPLOYMENT_TARGET = 11.0;
				MTL_ENABLE_DEBUG_INFO = YES;
				ONLY_ACTIVE_ARCH = YES;
				SDKROOT = iphoneos;
				SWIFT_ACTIVE_COMPILATION_CONDITIONS = DEBUG;
				SWIFT_OPTIMIZATION_LEVEL = "-Onone";
			};
			name = Debug;
		};
		64D0E8DC1F3479AD007735A7 /* Release */ = {
			isa = XCBuildConfiguration;
			buildSettings = {
				ALWAYS_SEARCH_USER_PATHS = NO;
				CLANG_ANALYZER_NONNULL = YES;
				CLANG_ANALYZER_NUMBER_OBJECT_CONVERSION = YES_AGGRESSIVE;
				CLANG_CXX_LANGUAGE_STANDARD = "gnu++14";
				CLANG_CXX_LIBRARY = "libc++";
				CLANG_ENABLE_MODULES = YES;
				CLANG_ENABLE_OBJC_ARC = YES;
				CLANG_WARN_BLOCK_CAPTURE_AUTORELEASING = YES;
				CLANG_WARN_BOOL_CONVERSION = YES;
				CLANG_WARN_COMMA = YES;
				CLANG_WARN_CONSTANT_CONVERSION = YES;
				CLANG_WARN_DEPRECATED_OBJC_IMPLEMENTATIONS = YES;
				CLANG_WARN_DIRECT_OBJC_ISA_USAGE = YES_ERROR;
				CLANG_WARN_DOCUMENTATION_COMMENTS = YES;
				CLANG_WARN_EMPTY_BODY = YES;
				CLANG_WARN_ENUM_CONVERSION = YES;
				CLANG_WARN_INFINITE_RECURSION = YES;
				CLANG_WARN_INT_CONVERSION = YES;
				CLANG_WARN_NON_LITERAL_NULL_CONVERSION = YES;
				CLANG_WARN_OBJC_IMPLICIT_RETAIN_SELF = YES;
				CLANG_WARN_OBJC_LITERAL_CONVERSION = YES;
				CLANG_WARN_OBJC_ROOT_CLASS = YES_ERROR;
				CLANG_WARN_RANGE_LOOP_ANALYSIS = YES;
				CLANG_WARN_STRICT_PROTOTYPES = YES;
				CLANG_WARN_SUSPICIOUS_MOVE = YES;
				CLANG_WARN_UNGUARDED_AVAILABILITY = YES_AGGRESSIVE;
				CLANG_WARN_UNREACHABLE_CODE = YES;
				CLANG_WARN__DUPLICATE_METHOD_MATCH = YES;
				CODE_SIGN_IDENTITY = "iPhone Developer";
				COPY_PHASE_STRIP = NO;
				DEBUG_INFORMATION_FORMAT = "dwarf-with-dsym";
				ENABLE_NS_ASSERTIONS = NO;
				ENABLE_STRICT_OBJC_MSGSEND = YES;
				GCC_C_LANGUAGE_STANDARD = gnu11;
				GCC_NO_COMMON_BLOCKS = YES;
				GCC_WARN_64_TO_32_BIT_CONVERSION = YES;
				GCC_WARN_ABOUT_RETURN_TYPE = YES_ERROR;
				GCC_WARN_UNDECLARED_SELECTOR = YES;
				GCC_WARN_UNINITIALIZED_AUTOS = YES_AGGRESSIVE;
				GCC_WARN_UNUSED_FUNCTION = YES;
				GCC_WARN_UNUSED_VARIABLE = YES;
				IPHONEOS_DEPLOYMENT_TARGET = 11.0;
				MTL_ENABLE_DEBUG_INFO = NO;
				SDKROOT = iphoneos;
				SWIFT_OPTIMIZATION_LEVEL = "-Owholemodule";
				VALIDATE_PRODUCT = YES;
			};
			name = Release;
		};
		64D0E8DE1F3479AD007735A7 /* Debug */ = {
			isa = XCBuildConfiguration;
			baseConfigurationReference = 80DE911EAB1913989D578E4C /* Pods-StickerIt!.debug.xcconfig */;
			buildSettings = {
				ASSETCATALOG_COMPILER_APPICON_NAME = AppIcon;
				CODE_SIGN_STYLE = Manual;
				DEVELOPMENT_TEAM = 6754N2LED2;
				INFOPLIST_FILE = "$(SRCROOT)/StickerIt!/Resources/Info.plist";
				LD_RUNPATH_SEARCH_PATHS = "$(inherited) @executable_path/Frameworks";
				PRODUCT_BUNDLE_IDENTIFIER = com.ifitnine.stickeritar;
				PRODUCT_NAME = "$(TARGET_NAME)";
				PROVISIONING_PROFILE = "abf0bc4f-336e-4f61-b451-1bd2bb541057";
				PROVISIONING_PROFILE_SPECIFIER = "iOS Development";
				SWIFT_VERSION = 4.0;
				TARGETED_DEVICE_FAMILY = "1,2";
			};
			name = Debug;
		};
		64D0E8DF1F3479AD007735A7 /* Release */ = {
			isa = XCBuildConfiguration;
			baseConfigurationReference = 05A4E0A28401AE1AB99F619E /* Pods-StickerIt!.release.xcconfig */;
			buildSettings = {
				ASSETCATALOG_COMPILER_APPICON_NAME = AppIcon;
				"CODE_SIGN_IDENTITY[sdk=iphoneos*]" = "iPhone Distribution";
				CODE_SIGN_STYLE = Manual;
				DEVELOPMENT_TEAM = 6754N2LED2;
				INFOPLIST_FILE = "$(SRCROOT)/StickerIt!/Resources/Info.plist";
				LD_RUNPATH_SEARCH_PATHS = "$(inherited) @executable_path/Frameworks";
				OTHER_SWIFT_FLAGS = "$(inherited) \"-D\" \"COCOAPODS\" \"-D\" \"RELEASE\"";
				PRODUCT_BUNDLE_IDENTIFIER = com.ifitnine.stickeritar;
				PRODUCT_NAME = "$(TARGET_NAME)";
				PROVISIONING_PROFILE = "b706f233-0b0d-444f-9351-bfbc02db8e01";
				PROVISIONING_PROFILE_SPECIFIER = StickerItAR;
				SWIFT_VERSION = 4.0;
				TARGETED_DEVICE_FAMILY = "1,2";
			};
			name = Release;
		};
/* End XCBuildConfiguration section */

/* Begin XCConfigurationList section */
		64D0E8C41F3479AD007735A7 /* Build configuration list for PBXProject "StickerIt!" */ = {
			isa = XCConfigurationList;
			buildConfigurations = (
				64D0E8DB1F3479AD007735A7 /* Debug */,
				64D0E8DC1F3479AD007735A7 /* Release */,
			);
			defaultConfigurationIsVisible = 0;
			defaultConfigurationName = Release;
		};
		64D0E8DD1F3479AD007735A7 /* Build configuration list for PBXNativeTarget "StickerIt!" */ = {
			isa = XCConfigurationList;
			buildConfigurations = (
				64D0E8DE1F3479AD007735A7 /* Debug */,
				64D0E8DF1F3479AD007735A7 /* Release */,
			);
			defaultConfigurationIsVisible = 0;
			defaultConfigurationName = Release;
		};
/* End XCConfigurationList section */
	};
	rootObject = 64D0E8C11F3479AD007735A7 /* Project object */;
}
